
Microsoft Visual Studio Solution File, Format Version 12.00
# Visual Studio Version 16
VisualStudioVersion = 16.0.30503.244
MinimumVisualStudioVersion = 10.0.40219.1
Project("{FAE04EC0-301F-11D3-BF4B-00C04F79EFBC}") = "ArraysVparametro", "ArraysVparametro\ArraysVparametro.csproj", "{B59EEEAD-E5E6-44DB-8F54-24AF76C78AB4}"
EndProject
Global
	GlobalSection(SolutionConfigurationPlatforms) = preSolution
		Debug|Any CPU = Debug|Any CPU
		Release|Any CPU = Release|Any CPU
	EndGlobalSection
	GlobalSection(ProjectConfigurationPlatforms) = postSolution
		{B59EEEAD-E5E6-44DB-8F54-24AF76C78AB4}.Debug|Any CPU.ActiveCfg = Debug|Any CPU
		{B59EEEAD-E5E6-44DB-8F54-24AF76C78AB4}.Debug|Any CPU.Build.0 = Debug|Any CPU
		{B59EEEAD-E5E6-44DB-8F54-24AF76C78AB4}.Release|Any CPU.ActiveCfg = Release|Any CPU
		{B59EEEAD-E5E6-44DB-8F54-24AF76C78AB4}.Release|Any CPU.Build.0 = Release|Any CPU
	EndGlobalSection
	GlobalSection(SolutionProperties) = preSolution
		HideSolutionNode = FALSE
	EndGlobalSection
	GlobalSection(ExtensibilityGlobals) = postSolution
		SolutionGuid = {D00B2B24-EE6D-4940-B24A-B50AC42F19B4}
	EndGlobalSection
EndGlobal
