
Microsoft Visual Studio Solution File, Format Version 12.00
# Visual Studio Version 16
VisualStudioVersion = 16.0.30503.244
MinimumVisualStudioVersion = 10.0.40219.1
Project("{FAE04EC0-301F-11D3-BF4B-00C04F79EFBC}") = "LinkedList", "LinkedList\LinkedList.csproj", "{7428A2C3-2DF6-4B1F-9B1C-275A14555CDB}"
EndProject
Global
	GlobalSection(SolutionConfigurationPlatforms) = preSolution
		Debug|Any CPU = Debug|Any CPU
		Release|Any CPU = Release|Any CPU
	EndGlobalSection
	GlobalSection(ProjectConfigurationPlatforms) = postSolution
		{7428A2C3-2DF6-4B1F-9B1C-275A14555CDB}.Debug|Any CPU.ActiveCfg = Debug|Any CPU
		{7428A2C3-2DF6-4B1F-9B1C-275A14555CDB}.Debug|Any CPU.Build.0 = Debug|Any CPU
		{7428A2C3-2DF6-4B1F-9B1C-275A14555CDB}.Release|Any CPU.ActiveCfg = Release|Any CPU
		{7428A2C3-2DF6-4B1F-9B1C-275A14555CDB}.Release|Any CPU.Build.0 = Release|Any CPU
	EndGlobalSection
	GlobalSection(SolutionProperties) = preSolution
		HideSolutionNode = FALSE
	EndGlobalSection
	GlobalSection(ExtensibilityGlobals) = postSolution
		SolutionGuid = {57345E2C-BB3A-4565-A29D-C3159C40585C}
	EndGlobalSection
EndGlobal
