
Microsoft Visual Studio Solution File, Format Version 12.00
# Visual Studio Version 16
VisualStudioVersion = 16.0.30503.244
MinimumVisualStudioVersion = 10.0.40219.1
Project("{FAE04EC0-301F-11D3-BF4B-00C04F79EFBC}") = "LinkedListNode", "LinkedListNode\LinkedListNode.csproj", "{1E68E12E-15EB-4949-9DC5-223E21F92177}"
EndProject
Global
	GlobalSection(SolutionConfigurationPlatforms) = preSolution
		Debug|Any CPU = Debug|Any CPU
		Release|Any CPU = Release|Any CPU
	EndGlobalSection
	GlobalSection(ProjectConfigurationPlatforms) = postSolution
		{1E68E12E-15EB-4949-9DC5-223E21F92177}.Debug|Any CPU.ActiveCfg = Debug|Any CPU
		{1E68E12E-15EB-4949-9DC5-223E21F92177}.Debug|Any CPU.Build.0 = Debug|Any CPU
		{1E68E12E-15EB-4949-9DC5-223E21F92177}.Release|Any CPU.ActiveCfg = Release|Any CPU
		{1E68E12E-15EB-4949-9DC5-223E21F92177}.Release|Any CPU.Build.0 = Release|Any CPU
	EndGlobalSection
	GlobalSection(SolutionProperties) = preSolution
		HideSolutionNode = FALSE
	EndGlobalSection
	GlobalSection(ExtensibilityGlobals) = postSolution
		SolutionGuid = {42608CE7-C700-40C9-8FC6-C964B0BC4D1E}
	EndGlobalSection
EndGlobal
